
Microsoft Visual Studio Solution File, Format Version 12.00
# Visual Studio Version 16
VisualStudioVersion = 16.0.30804.86
MinimumVisualStudioVersion = 10.0.40219.1
Project("{FAE04EC0-301F-11D3-BF4B-00C04F79EFBC}") = "MovieDemo", "MovieDemo\MovieDemo.csproj", "{3C7F811F-106D-4046-91B2-D007976D4088}"
EndProject
Project("{FAE04EC0-301F-11D3-BF4B-00C04F79EFBC}") = "MoviesServiceHostConsole", "MoviesServiceHostConsole\MoviesServiceHostConsole.csproj", "{8668B291-CCD3-44A0-A735-185408218A53}"
EndProject
Global
	GlobalSection(SolutionConfigurationPlatforms) = preSolution
		Debug|Any CPU = Debug|Any CPU
		Release|Any CPU = Release|Any CPU
	EndGlobalSection
	GlobalSection(ProjectConfigurationPlatforms) = postSolution
		{3C7F811F-106D-4046-91B2-D007976D4088}.Debug|Any CPU.ActiveCfg = Debug|Any CPU
		{3C7F811F-106D-4046-91B2-D007976D4088}.Debug|Any CPU.Build.0 = Debug|Any CPU
		{3C7F811F-106D-4046-91B2-D007976D4088}.Release|Any CPU.ActiveCfg = Release|Any CPU
		{3C7F811F-106D-4046-91B2-D007976D4088}.Release|Any CPU.Build.0 = Release|Any CPU
		{8668B291-CCD3-44A0-A735-185408218A53}.Debug|Any CPU.ActiveCfg = Debug|Any CPU
		{8668B291-CCD3-44A0-A735-185408218A53}.Debug|Any CPU.Build.0 = Debug|Any CPU
		{8668B291-CCD3-44A0-A735-185408218A53}.Release|Any CPU.ActiveCfg = Release|Any CPU
		{8668B291-CCD3-44A0-A735-185408218A53}.Release|Any CPU.Build.0 = Release|Any CPU
	EndGlobalSection
	GlobalSection(SolutionProperties) = preSolution
		HideSolutionNode = FALSE
	EndGlobalSection
	GlobalSection(ExtensibilityGlobals) = postSolution
		SolutionGuid = {FBFABC8A-EEA9-4D1D-8CC4-868F080227C7}
	EndGlobalSection
EndGlobal
